<?xml version="1.0" encoding="utf-8"?>
<Project ToolsVersion="4.0" xmlns="http://schemas.microsoft.com/developer/msbuild/2003">
  <ItemGroup>
    <Filter Include="Исходные файлы">
      <UniqueIdentifier>{4FC737F1-C7A5-4376-A066-2A32D752A2FF}</UniqueIdentifier>
      <Extensions>cpp;c;cc;cxx;c++;cppm;ixx;def;odl;idl;hpj;bat;asm;asmx</Extensions>
    </Filter>
    <Filter Include="Файлы заголовков">
      <UniqueIdentifier>{93995380-89BD-4b04-88EB-625FBE52EBFB}</UniqueIdentifier>
      <Extensions>h;hh;hpp;hxx;h++;hm;inl;inc;ipp;xsd</Extensions>
    </Filter>
    <Filter Include="Файлы ресурсов">
      <UniqueIdentifier>{67DA6AB6-F800-4c08-8B7A-83BB121AAD01}</UniqueIdentifier>
      <Extensions>rc;ico;cur;bmp;dlg;rc2;rct;bin;rgs;gif;jpg;jpeg;jpe;resx;tiff;tif;png;wav;mfcribbon-ms</Extensions>
    </Filter>
    <Filter Include="Исходные файлы\std">
      <UniqueIdentifier>{6455a9c7-d02a-4c5f-bbc1-d8aa25b49389}</UniqueIdentifier>
    </Filter>
  </ItemGroup>
  <ItemGroup>
    <ClCompile Include="vec.ixx">
      <Filter>Исходные файлы</Filter>
    </ClCompile>
    <ClCompile Include="disk.ixx">
      <Filter>Исходные файлы</Filter>
    </ClCompile>
    <ClCompile Include="types.ixx">
      <Filter>Исходные файлы</Filter>
    </ClCompile>
    <ClCompile Include="cpuio.ixx">
      <Filter>Исходные файлы</Filter>
    </ClCompile>
    <ClCompile Include="kernel.ixx">
      <Filter>Исходные файлы</Filter>
    </ClCompile>
    <ClCompile Include="teletype.ixx">
      <Filter>Исходные файлы</Filter>
    </ClCompile>
    <ClCompile Include="GDT.ixx">
      <Filter>Исходные файлы</Filter>
    </ClCompile>
    <ClCompile Include="keyboard.ixx">
      <Filter>Исходные файлы</Filter>
    </ClCompile>
    <ClCompile Include="IDT.ixx">
      <Filter>Исходные файлы</Filter>
    </ClCompile>
    <ClCompile Include="pci.ixx">
      <Filter>Исходные файлы</Filter>
    </ClCompile>
    <ClCompile Include="ISR.ixx">
      <Filter>Исходные файлы</Filter>
    </ClCompile>
    <ClCompile Include="IRQ.ixx">
      <Filter>Исходные файлы</Filter>
    </ClCompile>
    <ClCompile Include="PIC.ixx">
      <Filter>Исходные файлы</Filter>
    </ClCompile>
    <ClCompile Include="memory.ixx">
      <Filter>Исходные файлы</Filter>
    </ClCompile>
    <ClCompile Include="memory-allocator.ixx">
      <Filter>Исходные файлы</Filter>
    </ClCompile>
    <ClCompile Include="memory-utils.ixx">
      <Filter>Исходные файлы</Filter>
    </ClCompile>
    <ClCompile Include="serial.ixx">
      <Filter>Исходные файлы</Filter>
    </ClCompile>
    <ClCompile Include="console.ixx">
      <Filter>Исходные файлы</Filter>
    </ClCompile>
    <ClCompile Include="string.ixx">
      <Filter>Исходные файлы</Filter>
    </ClCompile>
    <ClCompile Include="hash.ixx">
      <Filter>Исходные файлы</Filter>
    </ClCompile>
    <ClCompile Include="hash-crc.ixx">
      <Filter>Исходные файлы</Filter>
    </ClCompile>
    <ClCompile Include="math.ixx">
      <Filter>Исходные файлы</Filter>
    </ClCompile>
    <ClCompile Include="intrinsic.ixx">
      <Filter>Исходные файлы</Filter>
    </ClCompile>
    <ClCompile Include="hash-sha.ixx">
      <Filter>Исходные файлы</Filter>
    </ClCompile>
    <ClCompile Include="std.ixx">
      <Filter>Исходные файлы\std</Filter>
    </ClCompile>
    <ClCompile Include="std-allocator.ixx">
      <Filter>Исходные файлы\std</Filter>
    </ClCompile>
    <ClCompile Include="std-concepts.ixx">
      <Filter>Исходные файлы\std</Filter>
    </ClCompile>
    <ClCompile Include="std-initializer_list.ixx">
      <Filter>Исходные файлы\std</Filter>
    </ClCompile>
    <ClCompile Include="std-iterator.ixx">
      <Filter>Исходные файлы\std</Filter>
    </ClCompile>
    <ClCompile Include="std-memory.ixx">
      <Filter>Исходные файлы\std</Filter>
    </ClCompile>
    <ClCompile Include="std-numeric_limits.ixx">
      <Filter>Исходные файлы\std</Filter>
    </ClCompile>
    <ClCompile Include="std-span.ixx">
      <Filter>Исходные файлы\std</Filter>
    </ClCompile>
    <ClCompile Include="std-type.ixx">
      <Filter>Исходные файлы\std</Filter>
    </ClCompile>
    <ClCompile Include="std-typetraits.ixx">
      <Filter>Исходные файлы\std</Filter>
    </ClCompile>
    <ClCompile Include="std-vector.ixx">
      <Filter>Исходные файлы\std</Filter>
    </ClCompile>
    <ClCompile Include="std-source_location.ixx">
      <Filter>Исходные файлы\std</Filter>
    </ClCompile>
    <ClCompile Include="std-utility.ixx">
      <Filter>Исходные файлы\std</Filter>
    </ClCompile>
    <ClCompile Include="std-ratio.ixx">
      <Filter>Исходные файлы\std</Filter>
    </ClCompile>
    <ClCompile Include="std-compare.ixx">
      <Filter>Исходные файлы\std</Filter>
    </ClCompile>
  </ItemGroup>
  <ItemGroup>
    <FASM Include="bootloader.asm">
      <Filter>Исходные файлы</Filter>
    </FASM>
    <FASM Include="ISRasm.asm">
      <Filter>Исходные файлы</Filter>
    </FASM>
    <FASM Include="IRQasm.asm">
      <Filter>Исходные файлы</Filter>
    </FASM>
    <FASM Include="IOasm.asm">
      <Filter>Исходные файлы</Filter>
    </FASM>
    <FASM Include="memoryasm.asm">
      <Filter>Исходные файлы</Filter>
    </FASM>
    <FASM Include="mathasm.asm">
      <Filter>Исходные файлы</Filter>
    </FASM>
  </ItemGroup>
  <ItemGroup>
    <None Include="disk.sata.ixx">
      <Filter>Исходные файлы</Filter>
    </None>
  </ItemGroup>
  <ItemGroup>
    <ClInclude Include="stdarg.h">
      <Filter>Файлы заголовков</Filter>
    </ClInclude>
    <ClInclude Include="vadefs.h">
      <Filter>Файлы заголовков</Filter>
    </ClInclude>
  </ItemGroup>
</Project>