<?xml version="1.0" encoding="utf-8"?>
<Project ToolsVersion="4.0" xmlns="http://schemas.microsoft.com/developer/msbuild/2003">
  <ItemGroup>
    <Filter Include="Исходные файлы">
      <UniqueIdentifier>{4FC737F1-C7A5-4376-A066-2A32D752A2FF}</UniqueIdentifier>
      <Extensions>cpp;c;cc;cxx;c++;cppm;ixx;def;odl;idl;hpj;bat;asm;asmx</Extensions>
    </Filter>
    <Filter Include="Файлы заголовков">
      <UniqueIdentifier>{93995380-89BD-4b04-88EB-625FBE52EBFB}</UniqueIdentifier>
      <Extensions>h;hh;hpp;hxx;h++;hm;inl;inc;ipp;xsd</Extensions>
    </Filter>
    <Filter Include="Файлы ресурсов">
      <UniqueIdentifier>{67DA6AB6-F800-4c08-8B7A-83BB121AAD01}</UniqueIdentifier>
      <Extensions>rc;ico;cur;bmp;dlg;rc2;rct;bin;rgs;gif;jpg;jpeg;jpe;resx;tiff;tif;png;wav;mfcribbon-ms</Extensions>
    </Filter>
    <Filter Include="Исходные файлы\driver">
      <UniqueIdentifier>{17ae28ec-bc7c-439e-97a8-43d2c7be5e1e}</UniqueIdentifier>
    </Filter>
    <Filter Include="Исходные файлы\memory">
      <UniqueIdentifier>{c9c01d0d-e23f-45ea-bebf-b71cbb1eddfd}</UniqueIdentifier>
    </Filter>
    <Filter Include="Исходные файлы\glm">
      <UniqueIdentifier>{5f2318e2-a401-4b5b-8b32-93904050d461}</UniqueIdentifier>
    </Filter>
    <Filter Include="Исходные файлы\SMBIOS">
      <UniqueIdentifier>{078ed1ed-6fef-436f-a83b-bdb78a1d6abc}</UniqueIdentifier>
    </Filter>
    <Filter Include="Исходные файлы\vfs">
      <UniqueIdentifier>{8d1f0272-abb6-47cb-bc1b-d5d86937e2b9}</UniqueIdentifier>
    </Filter>
    <Filter Include="Исходные файлы\fs">
      <UniqueIdentifier>{1f010baf-6d2d-41ba-9da1-03497bf37088}</UniqueIdentifier>
    </Filter>
    <Filter Include="Исходные файлы\fs\exFAT">
      <UniqueIdentifier>{1f52f8cf-d18c-4916-8de3-5d460eb1ccf2}</UniqueIdentifier>
    </Filter>
    <Filter Include="Исходные файлы\PECOFF">
      <UniqueIdentifier>{20c09874-2e49-4278-8489-883ba3bad9ae}</UniqueIdentifier>
    </Filter>
    <Filter Include="Исходные файлы\ACPI">
      <UniqueIdentifier>{704d76d6-78c8-4e53-a41f-ab85eef934a4}</UniqueIdentifier>
    </Filter>
    <Filter Include="Исходные файлы\std">
      <UniqueIdentifier>{96b9f62e-f63d-4c0e-9f36-9eef3c43a622}</UniqueIdentifier>
    </Filter>
    <Filter Include="Исходные файлы\intrinsic">
      <UniqueIdentifier>{7b9854e1-a525-4ed1-ae7c-455ee790b4b7}</UniqueIdentifier>
    </Filter>
  </ItemGroup>
  <ItemGroup>
    <ClCompile Include="disk.ixx">
      <Filter>Исходные файлы</Filter>
    </ClCompile>
    <ClCompile Include="types.ixx">
      <Filter>Исходные файлы</Filter>
    </ClCompile>
    <ClCompile Include="cpuio.ixx">
      <Filter>Исходные файлы</Filter>
    </ClCompile>
    <ClCompile Include="kernel.ixx">
      <Filter>Исходные файлы</Filter>
    </ClCompile>
    <ClCompile Include="teletype.ixx">
      <Filter>Исходные файлы</Filter>
    </ClCompile>
    <ClCompile Include="GDT.ixx">
      <Filter>Исходные файлы</Filter>
    </ClCompile>
    <ClCompile Include="keyboard.ixx">
      <Filter>Исходные файлы</Filter>
    </ClCompile>
    <ClCompile Include="IDT.ixx">
      <Filter>Исходные файлы</Filter>
    </ClCompile>
    <ClCompile Include="pci.ixx">
      <Filter>Исходные файлы</Filter>
    </ClCompile>
    <ClCompile Include="ISR.ixx">
      <Filter>Исходные файлы</Filter>
    </ClCompile>
    <ClCompile Include="IRQ.ixx">
      <Filter>Исходные файлы</Filter>
    </ClCompile>
    <ClCompile Include="PIC.ixx">
      <Filter>Исходные файлы</Filter>
    </ClCompile>
    <ClCompile Include="serial.ixx">
      <Filter>Исходные файлы</Filter>
    </ClCompile>
    <ClCompile Include="console.ixx">
      <Filter>Исходные файлы</Filter>
    </ClCompile>
    <ClCompile Include="string.ixx">
      <Filter>Исходные файлы</Filter>
    </ClCompile>
    <ClCompile Include="hash.ixx">
      <Filter>Исходные файлы</Filter>
    </ClCompile>
    <ClCompile Include="hash-crc.ixx">
      <Filter>Исходные файлы</Filter>
    </ClCompile>
    <ClCompile Include="hash-sha.ixx">
      <Filter>Исходные файлы</Filter>
    </ClCompile>
    <ClCompile Include="PIT.ixx">
      <Filter>Исходные файлы</Filter>
    </ClCompile>
    <ClCompile Include="disk.sata.ixx">
      <Filter>Исходные файлы</Filter>
    </ClCompile>
    <ClCompile Include="driver.ixx">
      <Filter>Исходные файлы\driver</Filter>
    </ClCompile>
    <ClCompile Include="driver.AHCI.ixx">
      <Filter>Исходные файлы\driver</Filter>
    </ClCompile>
    <ClCompile Include="driver.Driver.ixx">
      <Filter>Исходные файлы\driver</Filter>
    </ClCompile>
    <ClCompile Include="pci.structures.ixx">
      <Filter>Исходные файлы</Filter>
    </ClCompile>
    <ClCompile Include="driver.AHCI.structures.ixx">
      <Filter>Исходные файлы\driver</Filter>
    </ClCompile>
    <ClCompile Include="memory.ixx">
      <Filter>Исходные файлы\memory</Filter>
    </ClCompile>
    <ClCompile Include="memory.utils.ixx">
      <Filter>Исходные файлы\memory</Filter>
    </ClCompile>
    <ClCompile Include="memory.allocator.ixx">
      <Filter>Исходные файлы\memory</Filter>
    </ClCompile>
    <ClCompile Include="memory.PageIndex.ixx">
      <Filter>Исходные файлы\memory</Filter>
    </ClCompile>
    <ClCompile Include="memory.descriptor.ixx">
      <Filter>Исходные файлы\memory</Filter>
    </ClCompile>
    <ClCompile Include="memory.Heap.ixx">
      <Filter>Исходные файлы\memory</Filter>
    </ClCompile>
    <ClCompile Include="memory.PageTableManager.ixx">
      <Filter>Исходные файлы\memory</Filter>
    </ClCompile>
    <ClCompile Include="VESA.ixx">
      <Filter>Исходные файлы</Filter>
    </ClCompile>
    <ClCompile Include="VESA.structures.ixx">
      <Filter>Исходные файлы</Filter>
    </ClCompile>
    <ClCompile Include="glm.vec.ixx">
      <Filter>Исходные файлы\glm</Filter>
    </ClCompile>
    <ClCompile Include="glm.ixx">
      <Filter>Исходные файлы\glm</Filter>
    </ClCompile>
    <ClCompile Include="glm.mat.ixx">
      <Filter>Исходные файлы\glm</Filter>
    </ClCompile>
    <ClCompile Include="glm.vec2.ixx">
      <Filter>Исходные файлы\glm</Filter>
    </ClCompile>
    <ClCompile Include="glm.setup.ixx">
      <Filter>Исходные файлы\glm</Filter>
    </ClCompile>
    <ClCompile Include="glm.vec3.ixx">
      <Filter>Исходные файлы\glm</Filter>
    </ClCompile>
    <ClCompile Include="glm.vec4.ixx">
      <Filter>Исходные файлы\glm</Filter>
    </ClCompile>
    <ClCompile Include="glm.vec1.ixx">
      <Filter>Исходные файлы\glm</Filter>
    </ClCompile>
    <ClCompile Include="glm.mat2x2.ixx">
      <Filter>Исходные файлы\glm</Filter>
    </ClCompile>
    <ClCompile Include="glm.mat2x3.ixx">
      <Filter>Исходные файлы\glm</Filter>
    </ClCompile>
    <ClCompile Include="glm.mat2x4.ixx">
      <Filter>Исходные файлы\glm</Filter>
    </ClCompile>
    <ClCompile Include="glm.mat3x2.ixx">
      <Filter>Исходные файлы\glm</Filter>
    </ClCompile>
    <ClCompile Include="glm.mat3x3.ixx">
      <Filter>Исходные файлы\glm</Filter>
    </ClCompile>
    <ClCompile Include="glm.mat3x4.ixx">
      <Filter>Исходные файлы\glm</Filter>
    </ClCompile>
    <ClCompile Include="glm.mat4x2.ixx">
      <Filter>Исходные файлы\glm</Filter>
    </ClCompile>
    <ClCompile Include="glm.mat4x3.ixx">
      <Filter>Исходные файлы\glm</Filter>
    </ClCompile>
    <ClCompile Include="glm.mat4x4.ixx">
      <Filter>Исходные файлы\glm</Filter>
    </ClCompile>
    <ClCompile Include="glm.transform.ixx">
      <Filter>Исходные файлы\glm</Filter>
    </ClCompile>
    <ClCompile Include="glm.geometric.ixx">
      <Filter>Исходные файлы\glm</Filter>
    </ClCompile>
    <ClCompile Include="glm.vectorize.ixx">
      <Filter>Исходные файлы\glm</Filter>
    </ClCompile>
    <ClCompile Include="SMBIOS.ixx">
      <Filter>Исходные файлы\SMBIOS</Filter>
    </ClCompile>
    <ClCompile Include="SMBIOS.structures.ixx">
      <Filter>Исходные файлы\SMBIOS</Filter>
    </ClCompile>
    <ClCompile Include="glm.matrix.ixx">
      <Filter>Исходные файлы\glm</Filter>
    </ClCompile>
    <ClCompile Include="vfs.file.ixx">
      <Filter>Исходные файлы\vfs</Filter>
    </ClCompile>
    <ClCompile Include="fs.exFAT.Volume.ixx">
      <Filter>Исходные файлы\fs\exFAT</Filter>
    </ClCompile>
    <ClCompile Include="fs.exFAT.structures.ixx">
      <Filter>Исходные файлы\fs\exFAT</Filter>
    </ClCompile>
    <ClCompile Include="translator.ixx">
      <Filter>Исходные файлы</Filter>
    </ClCompile>
    <ClCompile Include="PE.ixx">
      <Filter>Исходные файлы\PECOFF</Filter>
    </ClCompile>
    <ClCompile Include="Framebuffer.ixx">
      <Filter>Исходные файлы</Filter>
    </ClCompile>
    <ClCompile Include="Font.ixx">
      <Filter>Исходные файлы</Filter>
    </ClCompile>
    <ClCompile Include="BootInfo.ixx">
      <Filter>Исходные файлы</Filter>
    </ClCompile>
    <ClCompile Include="fltused.ixx">
      <Filter>Исходные файлы</Filter>
    </ClCompile>
    <ClCompile Include="RSDP.ixx">
      <Filter>Исходные файлы\ACPI</Filter>
    </ClCompile>
    <ClCompile Include="SDT.ixx">
      <Filter>Исходные файлы\ACPI</Filter>
    </ClCompile>
    <ClCompile Include="MCFG.ixx">
      <Filter>Исходные файлы\ACPI</Filter>
    </ClCompile>
    <ClCompile Include="XSDT.ixx">
      <Filter>Исходные файлы\ACPI</Filter>
    </ClCompile>
    <ClCompile Include="FADT.ixx">
      <Filter>Исходные файлы\ACPI</Filter>
    </ClCompile>
    <ClCompile Include="GAS.ixx">
      <Filter>Исходные файлы\ACPI</Filter>
    </ClCompile>
    <ClCompile Include="MADT.ixx">
      <Filter>Исходные файлы\ACPI</Filter>
    </ClCompile>
    <ClCompile Include="ACPI.ixx">
      <Filter>Исходные файлы\ACPI</Filter>
    </ClCompile>
    <ClCompile Include="APIC.ixx">
      <Filter>Исходные файлы</Filter>
    </ClCompile>
    <ClCompile Include="sl.algorithm.ixx">
      <Filter>Исходные файлы\std</Filter>
    </ClCompile>
    <ClCompile Include="sl.allocator.ixx">
      <Filter>Исходные файлы\std</Filter>
    </ClCompile>
    <ClCompile Include="sl.bit.ixx">
      <Filter>Исходные файлы\std</Filter>
    </ClCompile>
    <ClCompile Include="sl.chartraits.ixx">
      <Filter>Исходные файлы\std</Filter>
    </ClCompile>
    <ClCompile Include="sl.compare.ixx">
      <Filter>Исходные файлы\std</Filter>
    </ClCompile>
    <ClCompile Include="sl.concepts.ixx">
      <Filter>Исходные файлы\std</Filter>
    </ClCompile>
    <ClCompile Include="sl.Flags.ixx">
      <Filter>Исходные файлы\std</Filter>
    </ClCompile>
    <ClCompile Include="sl.format.ixx">
      <Filter>Исходные файлы\std</Filter>
    </ClCompile>
    <ClCompile Include="sl.initializer_list.ixx">
      <Filter>Исходные файлы\std</Filter>
    </ClCompile>
    <ClCompile Include="sl.iterator.ixx">
      <Filter>Исходные файлы\std</Filter>
    </ClCompile>
    <ClCompile Include="sl.ixx">
      <Filter>Исходные файлы\std</Filter>
    </ClCompile>
    <ClCompile Include="sl.math.ixx">
      <Filter>Исходные файлы\std</Filter>
    </ClCompile>
    <ClCompile Include="sl.memory.ixx">
      <Filter>Исходные файлы\std</Filter>
    </ClCompile>
    <ClCompile Include="sl.numbers.ixx">
      <Filter>Исходные файлы\std</Filter>
    </ClCompile>
    <ClCompile Include="sl.numeric_limits.ixx">
      <Filter>Исходные файлы\std</Filter>
    </ClCompile>
    <ClCompile Include="sl.pair.ixx">
      <Filter>Исходные файлы\std</Filter>
    </ClCompile>
    <ClCompile Include="sl.print.ixx">
      <Filter>Исходные файлы\std</Filter>
    </ClCompile>
    <ClCompile Include="sl.ratio.ixx">
      <Filter>Исходные файлы\std</Filter>
    </ClCompile>
    <ClCompile Include="sl.source_location.ixx">
      <Filter>Исходные файлы\std</Filter>
    </ClCompile>
    <ClCompile Include="sl.span.ixx">
      <Filter>Исходные файлы\std</Filter>
    </ClCompile>
    <ClCompile Include="sl.string.ixx">
      <Filter>Исходные файлы\std</Filter>
    </ClCompile>
    <ClCompile Include="sl.string_view.ixx">
      <Filter>Исходные файлы\std</Filter>
    </ClCompile>
    <ClCompile Include="sl.type.ixx">
      <Filter>Исходные файлы\std</Filter>
    </ClCompile>
    <ClCompile Include="sl.typetraits.ixx">
      <Filter>Исходные файлы\std</Filter>
    </ClCompile>
    <ClCompile Include="sl.utility.ixx">
      <Filter>Исходные файлы\std</Filter>
    </ClCompile>
    <ClCompile Include="sl.vector.ixx">
      <Filter>Исходные файлы\std</Filter>
    </ClCompile>
    <ClCompile Include="intrinsic.ixx">
      <Filter>Исходные файлы\intrinsic</Filter>
    </ClCompile>
    <ClCompile Include="intrinsic0.ixx">
      <Filter>Исходные файлы\intrinsic</Filter>
    </ClCompile>
    <ClCompile Include="intrinsic1.ixx">
      <Filter>Исходные файлы\intrinsic</Filter>
    </ClCompile>
    <ClCompile Include="intrinsic2.ixx">
      <Filter>Исходные файлы\intrinsic</Filter>
    </ClCompile>
    <ClCompile Include="intrinsicTypes.ixx">
      <Filter>Исходные файлы\intrinsic</Filter>
    </ClCompile>
    <ClCompile Include="intrinsic3.ixx">
      <Filter>Исходные файлы\intrinsic</Filter>
    </ClCompile>
    <ClCompile Include="sl.atomic.ixx">
      <Filter>Исходные файлы\std</Filter>
    </ClCompile>
    <ClCompile Include="sl.spinlock.ixx">
      <Filter>Исходные файлы\std</Filter>
    </ClCompile>
    <ClCompile Include="APICTimer.ixx">
      <Filter>Исходные файлы</Filter>
    </ClCompile>
    <ClCompile Include="LAPIC.ixx">
      <Filter>Исходные файлы</Filter>
    </ClCompile>
    <ClCompile Include="IOAPIC.ixx">
      <Filter>Исходные файлы</Filter>
    </ClCompile>
    <ClCompile Include="SMP.ixx">
      <Filter>Исходные файлы</Filter>
    </ClCompile>
    <ClCompile Include="memory.PageTable.ixx">
      <Filter>Исходные файлы\memory</Filter>
    </ClCompile>
    <ClCompile Include="memory.flags.ixx">
      <Filter>Исходные файлы</Filter>
    </ClCompile>
    <ClCompile Include="HPET.ixx">
      <Filter>Исходные файлы\ACPI</Filter>
    </ClCompile>
    <ClCompile Include="RTC.ixx">
      <Filter>Исходные файлы</Filter>
    </ClCompile>
  </ItemGroup>
  <ItemGroup>
    <FASM Include="bootloader.asm">
      <Filter>Исходные файлы</Filter>
    </FASM>
    <FASM Include="ISRasm.asm">
      <Filter>Исходные файлы</Filter>
    </FASM>
    <FASM Include="IRQasm.asm">
      <Filter>Исходные файлы</Filter>
    </FASM>
    <FASM Include="cpuioasm.asm">
      <Filter>Исходные файлы</Filter>
    </FASM>
    <FASM Include="memset.asm">
      <Filter>Исходные файлы</Filter>
    </FASM>
    <FASM Include="memcpy.asm">
      <Filter>Исходные файлы</Filter>
    </FASM>
    <FASM Include="mathasm.asm">
      <Filter>Исходные файлы\std</Filter>
    </FASM>
    <FASM Include="memcmp.asm">
      <Filter>Исходные файлы</Filter>
    </FASM>
    <FASM Include="apinit.asm">
      <Filter>Исходные файлы</Filter>
    </FASM>
    <FASM Include="apinit2.asm">
      <Filter>Исходные файлы</Filter>
    </FASM>
    <FASM Include="apinit3.asm">
      <Filter>Исходные файлы</Filter>
    </FASM>
  </ItemGroup>
  <ItemGroup>
    <ClInclude Include="stdarg.h">
      <Filter>Файлы заголовков</Filter>
    </ClInclude>
    <ClInclude Include="vadefs.h">
      <Filter>Файлы заголовков</Filter>
    </ClInclude>
  </ItemGroup>
  <ItemGroup>
    <CopyFileToFolders Include="zap-ext-vga16.psf" />
    <CopyFileToFolders Include="apinit.bin">
      <Filter>Исходные файлы</Filter>
    </CopyFileToFolders>
  </ItemGroup>
  <ItemGroup>
    <None Include="debug.vbs" />
  </ItemGroup>
</Project>