<?xml version="1.0" encoding="utf-8"?>
<Project ToolsVersion="4.0" xmlns="http://schemas.microsoft.com/developer/msbuild/2003">
  <ItemGroup>
    <Filter Include="Исходные файлы">
      <UniqueIdentifier>{4FC737F1-C7A5-4376-A066-2A32D752A2FF}</UniqueIdentifier>
      <Extensions>cpp;c;cc;cxx;c++;cppm;ixx;def;odl;idl;hpj;bat;asm;asmx</Extensions>
    </Filter>
    <Filter Include="Файлы заголовков">
      <UniqueIdentifier>{93995380-89BD-4b04-88EB-625FBE52EBFB}</UniqueIdentifier>
      <Extensions>h;hh;hpp;hxx;h++;hm;inl;inc;ipp;xsd</Extensions>
    </Filter>
    <Filter Include="Файлы ресурсов">
      <UniqueIdentifier>{67DA6AB6-F800-4c08-8B7A-83BB121AAD01}</UniqueIdentifier>
      <Extensions>rc;ico;cur;bmp;dlg;rc2;rct;bin;rgs;gif;jpg;jpeg;jpe;resx;tiff;tif;png;wav;mfcribbon-ms</Extensions>
    </Filter>
    <Filter Include="Исходные файлы\x86_64">
      <UniqueIdentifier>{d380d4cf-e179-4a26-be56-074aa117e9b3}</UniqueIdentifier>
    </Filter>
  </ItemGroup>
  <ItemGroup>
    <ClCompile Include="lib\boxdraw.c">
      <Filter>Исходные файлы</Filter>
    </ClCompile>
    <ClCompile Include="lib\cmdline.c">
      <Filter>Исходные файлы</Filter>
    </ClCompile>
    <ClCompile Include="lib\console.c">
      <Filter>Исходные файлы</Filter>
    </ClCompile>
    <ClCompile Include="lib\crc.c">
      <Filter>Исходные файлы</Filter>
    </ClCompile>
    <ClCompile Include="lib\data.c">
      <Filter>Исходные файлы</Filter>
    </ClCompile>
    <ClCompile Include="lib\debug.c">
      <Filter>Исходные файлы</Filter>
    </ClCompile>
    <ClCompile Include="lib\dpath.c">
      <Filter>Исходные файлы</Filter>
    </ClCompile>
    <ClCompile Include="lib\entry.c">
      <Filter>Исходные файлы</Filter>
    </ClCompile>
    <ClCompile Include="lib\error.c">
      <Filter>Исходные файлы</Filter>
    </ClCompile>
    <ClCompile Include="lib\event.c">
      <Filter>Исходные файлы</Filter>
    </ClCompile>
    <ClCompile Include="lib\exit.c">
      <Filter>Исходные файлы</Filter>
    </ClCompile>
    <ClCompile Include="lib\guid.c">
      <Filter>Исходные файлы</Filter>
    </ClCompile>
    <ClCompile Include="lib\hand.c">
      <Filter>Исходные файлы</Filter>
    </ClCompile>
    <ClCompile Include="lib\hw.c">
      <Filter>Исходные файлы</Filter>
    </ClCompile>
    <ClCompile Include="lib\init.c">
      <Filter>Исходные файлы</Filter>
    </ClCompile>
    <ClCompile Include="lib\lock.c">
      <Filter>Исходные файлы</Filter>
    </ClCompile>
    <ClCompile Include="lib\misc.c">
      <Filter>Исходные файлы</Filter>
    </ClCompile>
    <ClCompile Include="lib\pause.c">
      <Filter>Исходные файлы</Filter>
    </ClCompile>
    <ClCompile Include="lib\print.c">
      <Filter>Исходные файлы</Filter>
    </ClCompile>
    <ClCompile Include="lib\smbios.c">
      <Filter>Исходные файлы</Filter>
    </ClCompile>
    <ClCompile Include="lib\sread.c">
      <Filter>Исходные файлы</Filter>
    </ClCompile>
    <ClCompile Include="lib\str.c">
      <Filter>Исходные файлы</Filter>
    </ClCompile>
    <ClCompile Include="lib\x86_64\initplat.c">
      <Filter>Исходные файлы\x86_64</Filter>
    </ClCompile>
    <ClCompile Include="lib\x86_64\math.c">
      <Filter>Исходные файлы\x86_64</Filter>
    </ClCompile>
    <ClCompile Include="lib\runtime\efirtlib.c">
      <Filter>Исходные файлы</Filter>
    </ClCompile>
    <ClCompile Include="lib\runtime\rtdata.c">
      <Filter>Исходные файлы</Filter>
    </ClCompile>
    <ClCompile Include="lib\runtime\rtlock.c">
      <Filter>Исходные файлы</Filter>
    </ClCompile>
    <ClCompile Include="lib\runtime\rtstr.c">
      <Filter>Исходные файлы</Filter>
    </ClCompile>
    <ClCompile Include="lib\runtime\vm.c">
      <Filter>Исходные файлы</Filter>
    </ClCompile>
    <ClCompile Include="lib\x86_64\callwrap.c">
      <Filter>Исходные файлы</Filter>
    </ClCompile>
  </ItemGroup>
  <ItemGroup>
    <ClInclude Include="inc\efi.h">
      <Filter>Файлы заголовков</Filter>
    </ClInclude>
    <ClInclude Include="inc\efi_nii.h">
      <Filter>Файлы заголовков</Filter>
    </ClInclude>
    <ClInclude Include="inc\efi_pxe.h">
      <Filter>Файлы заголовков</Filter>
    </ClInclude>
    <ClInclude Include="inc\efiapi.h">
      <Filter>Файлы заголовков</Filter>
    </ClInclude>
    <ClInclude Include="inc\eficompiler.h">
      <Filter>Файлы заголовков</Filter>
    </ClInclude>
    <ClInclude Include="inc\eficon.h">
      <Filter>Файлы заголовков</Filter>
    </ClInclude>
    <ClInclude Include="inc\eficonex.h">
      <Filter>Файлы заголовков</Filter>
    </ClInclude>
    <ClInclude Include="inc\efidebug.h">
      <Filter>Файлы заголовков</Filter>
    </ClInclude>
    <ClInclude Include="inc\efidef.h">
      <Filter>Файлы заголовков</Filter>
    </ClInclude>
    <ClInclude Include="inc\efidevp.h">
      <Filter>Файлы заголовков</Filter>
    </ClInclude>
    <ClInclude Include="inc\efierr.h">
      <Filter>Файлы заголовков</Filter>
    </ClInclude>
    <ClInclude Include="inc\efifs.h">
      <Filter>Файлы заголовков</Filter>
    </ClInclude>
    <ClInclude Include="inc\efigpt.h">
      <Filter>Файлы заголовков</Filter>
    </ClInclude>
    <ClInclude Include="inc\efiip.h">
      <Filter>Файлы заголовков</Filter>
    </ClInclude>
    <ClInclude Include="inc\efilib.h">
      <Filter>Файлы заголовков</Filter>
    </ClInclude>
    <ClInclude Include="inc\efilink.h">
      <Filter>Файлы заголовков</Filter>
    </ClInclude>
    <ClInclude Include="inc\efinet.h">
      <Filter>Файлы заголовков</Filter>
    </ClInclude>
    <ClInclude Include="inc\efipart.h">
      <Filter>Файлы заголовков</Filter>
    </ClInclude>
    <ClInclude Include="inc\efipciio.h">
      <Filter>Файлы заголовков</Filter>
    </ClInclude>
    <ClInclude Include="inc\efipoint.h">
      <Filter>Файлы заголовков</Filter>
    </ClInclude>
    <ClInclude Include="inc\efiprot.h">
      <Filter>Файлы заголовков</Filter>
    </ClInclude>
    <ClInclude Include="inc\efipxebc.h">
      <Filter>Файлы заголовков</Filter>
    </ClInclude>
    <ClInclude Include="inc\efirtlib.h">
      <Filter>Файлы заголовков</Filter>
    </ClInclude>
    <ClInclude Include="inc\efiser.h">
      <Filter>Файлы заголовков</Filter>
    </ClInclude>
    <ClInclude Include="inc\efisetjmp.h">
      <Filter>Файлы заголовков</Filter>
    </ClInclude>
    <ClInclude Include="inc\efishell.h">
      <Filter>Файлы заголовков</Filter>
    </ClInclude>
    <ClInclude Include="inc\efishellintf.h">
      <Filter>Файлы заголовков</Filter>
    </ClInclude>
    <ClInclude Include="inc\efistdarg.h">
      <Filter>Файлы заголовков</Filter>
    </ClInclude>
    <ClInclude Include="inc\efitcp.h">
      <Filter>Файлы заголовков</Filter>
    </ClInclude>
    <ClInclude Include="inc\efiudp.h">
      <Filter>Файлы заголовков</Filter>
    </ClInclude>
    <ClInclude Include="inc\efiui.h">
      <Filter>Файлы заголовков</Filter>
    </ClInclude>
    <ClInclude Include="inc\lib.h">
      <Filter>Файлы заголовков</Filter>
    </ClInclude>
    <ClInclude Include="inc\libsmbios.h">
      <Filter>Файлы заголовков</Filter>
    </ClInclude>
    <ClInclude Include="inc\pci22.h">
      <Filter>Файлы заголовков</Filter>
    </ClInclude>
    <ClInclude Include="inc\romload.h">
      <Filter>Файлы заголовков</Filter>
    </ClInclude>
  </ItemGroup>
</Project>